
Microsoft Visual Studio Solution File, Format Version 12.00
# Visual Studio Version 17
VisualStudioVersion = 17.8.34525.116
MinimumVisualStudioVersion = 10.0.40219.1
Project("{FAE04EC0-301F-11D3-BF4B-00C04F79EFBC}") = "CST-323-MilestoneApp", "CST-323-MilestoneApp.csproj", "{ADA7036D-ED7C-418E-80A6-FAF7F9DE1CA0}"
EndProject
Global
	GlobalSection(SolutionConfigurationPlatforms) = preSolution
		Debug|Any CPU = Debug|Any CPU
		Release|Any CPU = Release|Any CPU
	EndGlobalSection
	GlobalSection(ProjectConfigurationPlatforms) = postSolution
		{ADA7036D-ED7C-418E-80A6-FAF7F9DE1CA0}.Debug|Any CPU.ActiveCfg = Debug|Any CPU
		{ADA7036D-ED7C-418E-80A6-FAF7F9DE1CA0}.Debug|Any CPU.Build.0 = Debug|Any CPU
		{ADA7036D-ED7C-418E-80A6-FAF7F9DE1CA0}.Release|Any CPU.ActiveCfg = Release|Any CPU
		{ADA7036D-ED7C-418E-80A6-FAF7F9DE1CA0}.Release|Any CPU.Build.0 = Release|Any CPU
	EndGlobalSection
	GlobalSection(SolutionProperties) = preSolution
		HideSolutionNode = FALSE
	EndGlobalSection
	GlobalSection(ExtensibilityGlobals) = postSolution
		SolutionGuid = {2B6B272C-F7F7-4177-9E7F-D14EF5A7FA12}
	EndGlobalSection
EndGlobal
